<Solution>
  <Folder Name="/services/" />
  <Folder Name="/services/orders/" />
  <Folder Name="/services/orders/src/">
    <Project Path="services/orders/src/Orders/Orders.csproj" />
  </Folder>
  <Folder Name="/services/orders/tests/">
    <Project Path="services/orders/tests/Orders.Tests/Orders.Tests.csproj" />
  </Folder>
</Solution>
